{
  "name": "testPineCone",
  "lockfileVersion": 3,
  "requires": true,
  "packages": {
    "": {
      "dependencies": {
        "@pinecone-database/pinecone": "^6.1.0",
        "dotenv": "^16.5.0",
        "openai": "^5.2.0"
      }
    },
    "node_modules/@pinecone-database/pinecone": {
      "version": "6.1.0",
      "resolved": "https://registry.npmjs.org/@pinecone-database/pinecone/-/pinecone-6.1.0.tgz",
      "integrity": "sha512-g+hOT5pA/lt0ICZ949aQPkF5u4TDWZtfbwV+25ewcYSF9o2EBQLdrxMKSIfkESSM5FyizBct0Caq4CSYu5fbIw==",
      "license": "Apache-2.0",
      "engines": {
        "node": ">=18.0.0"
      }
    },
    "node_modules/dotenv": {
      "version": "16.5.0",
      "resolved": "https://registry.npmjs.org/dotenv/-/dotenv-16.5.0.tgz",
      "integrity": "sha512-m/C+AwOAr9/W1UOIZUo232ejMNnJAJtYQjUbHoNTBNTJSvqzzDh7vnrei3o3r3m9blf6ZoDkvcw0VmozNRFJxg==",
      "license": "BSD-2-Clause",
      "engines": {
        "node": ">=12"
      },
      "funding": {
        "url": "https://dotenvx.com"
      }
    },
    "node_modules/openai": {
      "version": "5.2.0",
      "resolved": "https://registry.npmjs.org/openai/-/openai-5.2.0.tgz",
      "integrity": "sha512-b+Sf2Yk2eApDkhqHr7C4d5hux9gkHUvyqQ7RrdSfLsjrXkCZpJPqkME0u5Py7RPB28Ozz+RkJZpW7YPTOoChew==",
      "license": "Apache-2.0",
      "bin": {
        "openai": "bin/cli"
      },
      "peerDependencies": {
        "ws": "^8.18.0",
        "zod": "^3.23.8"
      },
      "peerDependenciesMeta": {
        "ws": {
          "optional": true
        },
        "zod": {
          "optional": true
        }
      }
    }
  }
}
